# THIS IS AN AUTOGENERATED FILE. DO NOT EDIT THIS FILE DIRECTLY.
# yarn lockfile v1


faker@^4.1.0:
  version "4.1.0"
  resolved "https://registry.yarnpkg.com/faker/-/faker-4.1.0.tgz#1e45bbbecc6774b3c195fad2835109c6d748cc3f"
  integrity sha1-HkW7vsxndLPBlfrSg1EJxtdIzD8=

lunr@^2.3.8:
  version "2.3.8"
  resolved "https://registry.yarnpkg.com/lunr/-/lunr-2.3.8.tgz#a8b89c31f30b5a044b97d2d28e2da191b6ba2072"
  integrity sha512-oxMeX/Y35PNFuZoHp+jUj5OSEmLCaIH4KTFJh7a93cHBoFmpw2IoPs22VIz7vyO2YUnx2Tn9dzIwO2P/4quIRg==
